<?xml version="1.0" encoding="utf-8"?>
<Project ToolsVersion="4.0" xmlns="http://schemas.microsoft.com/developer/msbuild/2003">
  <ItemGroup>
    <Filter Include="Source Files">
      <UniqueIdentifier>{4FC737F1-C7A5-4376-A066-2A32D752A2FF}</UniqueIdentifier>
      <Extensions>cpp;c;cc;cxx;def;odl;idl;hpj;bat;asm;asmx</Extensions>
    </Filter>
    <Filter Include="Header Files">
      <UniqueIdentifier>{93995380-89BD-4b04-88EB-625FBE52EBFB}</UniqueIdentifier>
      <Extensions>h;hh;hpp;hxx;hm;inl;inc;xsd</Extensions>
    </Filter>
    <Filter Include="Resource Files">
      <UniqueIdentifier>{67DA6AB6-F800-4c08-8B7A-83BB121AAD01}</UniqueIdentifier>
      <Extensions>rc;ico;cur;bmp;dlg;rc2;rct;bin;rgs;gif;jpg;jpeg;jpe;resx;tiff;tif;png;wav;mfcribbon-ms</Extensions>
    </Filter>
  </ItemGroup>
  <ItemGroup>
    <ClCompile Include="Model\coordinate.cpp">
      <Filter>Source Files</Filter>
    </ClCompile>
    <ClCompile Include="Model\luafile.cpp">
      <Filter>Source Files</Filter>
    </ClCompile>
    <ClCompile Include="main.cpp">
      <Filter>Source Files</Filter>
    </ClCompile>
    <ClCompile Include="Controller\Screen\ingame.cpp">
      <Filter>Source Files</Filter>
    </ClCompile>
    <ClCompile Include="Controller\engine.cpp">
      <Filter>Source Files</Filter>
    </ClCompile>
    <ClCompile Include="Controller\input.cpp">
      <Filter>Source Files</Filter>
    </ClCompile>
    <ClCompile Include="View\mesh.cpp">
      <Filter>Source Files</Filter>
    </ClCompile>
    <ClCompile Include="View\window.cpp">
      <Filter>Source Files</Filter>
    </ClCompile>
    <ClCompile Include="View\texture.cpp">
      <Filter>Source Files</Filter>
    </ClCompile>
    <ClCompile Include="View\hex.cpp">
      <Filter>Source Files</Filter>
    </ClCompile>
    <ClCompile Include="View\Gui\button.cpp">
      <Filter>Source Files</Filter>
    </ClCompile>
    <ClCompile Include="View\Gui\guielement.cpp">
      <Filter>Source Files</Filter>
    </ClCompile>
    <ClCompile Include="View\Gui\label.cpp">
      <Filter>Source Files</Filter>
    </ClCompile>
    <ClCompile Include="View\material.cpp">
      <Filter>Source Files</Filter>
    </ClCompile>
    <ClCompile Include="View\Gui\guicontainer.cpp">
      <Filter>Source Files</Filter>
    </ClCompile>
    <ClCompile Include="Controller\Screen\startmenu.cpp">
      <Filter>Source Files</Filter>
    </ClCompile>
    <ClCompile Include="Controller\Screen\newgamemenu.cpp">
      <Filter>Source Files</Filter>
    </ClCompile>
    <ClCompile Include="Controller\Screen\endmenu.cpp">
      <Filter>Source Files</Filter>
    </ClCompile>
    <ClCompile Include="Controller\Screen\savegamemenu.cpp">
      <Filter>Source Files</Filter>
    </ClCompile>
    <ClCompile Include="View\drawable.cpp">
      <Filter>Source Files</Filter>
    </ClCompile>
    <ClCompile Include="View\Gui\textbutton.cpp">
      <Filter>Source Files</Filter>
    </ClCompile>
    <ClCompile Include="Controller\Screen\aboutmenu.cpp">
      <Filter>Source Files</Filter>
    </ClCompile>
    <ClCompile Include="Controller\Screen\tutorialmenu.cpp">
      <Filter>Source Files</Filter>
    </ClCompile>
    <ClCompile Include="View\colorprofile.cpp">
      <Filter>Source Files</Filter>
    </ClCompile>
  </ItemGroup>
  <ItemGroup>
    <ClInclude Include="Model\coordinate.h">
      <Filter>Header Files</Filter>
    </ClInclude>
    <ClInclude Include="Model\luafile.h">
      <Filter>Header Files</Filter>
    </ClInclude>
    <ClInclude Include="Model\tile.h">
      <Filter>Header Files</Filter>
    </ClInclude>
    <ClInclude Include="Model\tilemanager.h">
      <Filter>Header Files</Filter>
    </ClInclude>
    <ClInclude Include="Model\types.h">
      <Filter>Header Files</Filter>
    </ClInclude>
    <ClInclude Include="Model\layer.h">
      <Filter>Header Files</Filter>
    </ClInclude>
    <ClInclude Include="Model\map.h">
      <Filter>Header Files</Filter>
    </ClInclude>
    <ClInclude Include="Model\Helper\binarycontainer.h">
      <Filter>Header Files</Filter>
    </ClInclude>
    <ClInclude Include="Controller\Screen\ingame.h">
      <Filter>Header Files</Filter>
    </ClInclude>
    <ClInclude Include="Controller\Screen\screen.h">
      <Filter>Header Files</Filter>
    </ClInclude>
    <ClInclude Include="Controller\engine.h">
      <Filter>Header Files</Filter>
    </ClInclude>
    <ClInclude Include="Controller\input.h">
      <Filter>Header Files</Filter>
    </ClInclude>
    <ClInclude Include="View\Utils\tokenizer.h">
      <Filter>Header Files</Filter>
    </ClInclude>
    <ClInclude Include="View\mesh.h">
      <Filter>Header Files</Filter>
    </ClInclude>
    <ClInclude Include="View\vec2d.h">
      <Filter>Header Files</Filter>
    </ClInclude>
    <ClInclude Include="View\vec3d.h">
      <Filter>Header Files</Filter>
    </ClInclude>
    <ClInclude Include="View\window.h">
      <Filter>Header Files</Filter>
    </ClInclude>
    <ClInclude Include="View\Utils\linearscale.h">
      <Filter>Header Files</Filter>
    </ClInclude>
    <ClInclude Include="View\Utils\vec2d.h">
      <Filter>Header Files</Filter>
    </ClInclude>
    <ClInclude Include="View\Utils\vec3d.h">
      <Filter>Header Files</Filter>
    </ClInclude>
    <ClInclude Include="Model\neighbours.h">
      <Filter>Header Files</Filter>
    </ClInclude>
    <ClInclude Include="View\texture.h">
      <Filter>Header Files</Filter>
    </ClInclude>
    <ClInclude Include="View\hex.h">
      <Filter>Header Files</Filter>
    </ClInclude>
    <ClInclude Include="View\Gui\button.h">
      <Filter>Header Files</Filter>
    </ClInclude>
    <ClInclude Include="View\Gui\guielement.h">
      <Filter>Header Files</Filter>
    </ClInclude>
    <ClInclude Include="View\Gui\label.h">
      <Filter>Header Files</Filter>
    </ClInclude>
    <ClInclude Include="View\material.h">
      <Filter>Header Files</Filter>
    </ClInclude>
    <ClInclude Include="View\Gui\guicontainer.h">
      <Filter>Header Files</Filter>
    </ClInclude>
    <ClInclude Include="Controller\Screen\startmenu.h">
      <Filter>Header Files</Filter>
    </ClInclude>
    <ClInclude Include="Controller\Screen\newgamemenu.h">
      <Filter>Header Files</Filter>
    </ClInclude>
    <ClInclude Include="Controller\Screen\endmenu.h">
      <Filter>Header Files</Filter>
    </ClInclude>
    <ClInclude Include="Controller\Screen\savegamemenu.h">
      <Filter>Header Files</Filter>
    </ClInclude>
    <ClInclude Include="View\drawable.h">
      <Filter>Header Files</Filter>
    </ClInclude>
    <ClInclude Include="View\Gui\textbutton.h">
      <Filter>Header Files</Filter>
    </ClInclude>
    <ClInclude Include="Controller\Screen\aboutmenu.h">
      <Filter>Header Files</Filter>
    </ClInclude>
    <ClInclude Include="Controller\Screen\tutorialmenu.h">
      <Filter>Header Files</Filter>
    </ClInclude>
    <ClInclude Include="View\colorprofile.h">
      <Filter>Header Files</Filter>
    </ClInclude>
  </ItemGroup>
</Project>